
Microsoft Visual Studio Solution File, Format Version 12.00
# Visual Studio Version 17
VisualStudioVersion = 17.1.32328.378
MinimumVisualStudioVersion = 10.0.40219.1
Project("{FAE04EC0-301F-11D3-BF4B-00C04F79EFBC}") = "Assignment2", "Assignment2\Assignment2.csproj", "{B00DA3C9-B69D-436F-A541-925C396E5DBE}"
EndProject
Project("{FAE04EC0-301F-11D3-BF4B-00C04F79EFBC}") = "Assignment2Tests", "Assignment2Tests\Assignment2Tests.csproj", "{5C13F906-70E6-451B-9E28-0FA10AF046E6}"
EndProject
Global
	GlobalSection(SolutionConfigurationPlatforms) = preSolution
		Debug|Any CPU = Debug|Any CPU
		Release|Any CPU = Release|Any CPU
	EndGlobalSection
	GlobalSection(ProjectConfigurationPlatforms) = postSolution
		{B00DA3C9-B69D-436F-A541-925C396E5DBE}.Debug|Any CPU.ActiveCfg = Debug|Any CPU
		{B00DA3C9-B69D-436F-A541-925C396E5DBE}.Debug|Any CPU.Build.0 = Debug|Any CPU
		{B00DA3C9-B69D-436F-A541-925C396E5DBE}.Release|Any CPU.ActiveCfg = Release|Any CPU
		{B00DA3C9-B69D-436F-A541-925C396E5DBE}.Release|Any CPU.Build.0 = Release|Any CPU
		{5C13F906-70E6-451B-9E28-0FA10AF046E6}.Debug|Any CPU.ActiveCfg = Debug|Any CPU
		{5C13F906-70E6-451B-9E28-0FA10AF046E6}.Debug|Any CPU.Build.0 = Debug|Any CPU
		{5C13F906-70E6-451B-9E28-0FA10AF046E6}.Release|Any CPU.ActiveCfg = Release|Any CPU
		{5C13F906-70E6-451B-9E28-0FA10AF046E6}.Release|Any CPU.Build.0 = Release|Any CPU
	EndGlobalSection
	GlobalSection(SolutionProperties) = preSolution
		HideSolutionNode = FALSE
	EndGlobalSection
	GlobalSection(ExtensibilityGlobals) = postSolution
		SolutionGuid = {17D5D1DD-C4D3-42A4-8506-495B237D9735}
	EndGlobalSection
EndGlobal
